github.com/google/gofuzz v1.2.0 h1:xRy4A+RhZaiKjJ1bPfwQ8sedCA+YS2YcCHW6ec7JMi0=
github.com/google/gofuzz v1.2.0/go.mod h1:dBl0BpW6vV/+mYPU4Po3pmUjxk6FQPldtuIdl/M65Eg=
github.com/scim2/tools/schema v1.0.0 h1:BAz6Sj2dzWPyI4CVE/Qg/lHFJw0fthVERcl+aozHRlE=
github.com/scim2/tools/schema v1.0.0/go.mod h1:40hRS0VkXo6o+PusU1B78y/RthyJhRPnjmPpLcF/6as=
